
Microsoft Visual Studio Solution File, Format Version 12.00
# Visual Studio 15
VisualStudioVersion = 15.0.27703.2047
MinimumVisualStudioVersion = 10.0.40219.1
Project("{9A19103F-16F7-4668-BE54-9A1E7A4F7556}") = "api", "api.csproj", "{7876D02B-E748-4F84-BB34-62E5604CF26C}"
EndProject
Global
	GlobalSection(SolutionConfigurationPlatforms) = preSolution
		Debug|Any CPU = Debug|Any CPU
		Release|Any CPU = Release|Any CPU
	EndGlobalSection
	GlobalSection(ProjectConfigurationPlatforms) = postSolution
		{7876D02B-E748-4F84-BB34-62E5604CF26C}.Debug|Any CPU.ActiveCfg = Debug|Any CPU
		{7876D02B-E748-4F84-BB34-62E5604CF26C}.Debug|Any CPU.Build.0 = Debug|Any CPU
		{7876D02B-E748-4F84-BB34-62E5604CF26C}.Release|Any CPU.ActiveCfg = Release|Any CPU
		{7876D02B-E748-4F84-BB34-62E5604CF26C}.Release|Any CPU.Build.0 = Release|Any CPU
	EndGlobalSection
	GlobalSection(SolutionProperties) = preSolution
		HideSolutionNode = FALSE
	EndGlobalSection
	GlobalSection(ExtensibilityGlobals) = postSolution
		SolutionGuid = {1C9F64F0-9BD3-47C6-83BC-B30D3993D783}
	EndGlobalSection
EndGlobal
